<?xml version="1.0" encoding="utf-8"?>
<Project ToolsVersion="4.0" xmlns="http://schemas.microsoft.com/developer/msbuild/2003">
  <ItemGroup>
    <Filter Include="Source Files">
      <UniqueIdentifier>{4FC737F1-C7A5-4376-A066-2A32D752A2FF}</UniqueIdentifier>
      <Extensions>cpp;c;cc;cxx;def;odl;idl;hpj;bat;asm;asmx</Extensions>
    </Filter>
    <Filter Include="Header Files">
      <UniqueIdentifier>{93995380-89BD-4b04-88EB-625FBE52EBFB}</UniqueIdentifier>
      <Extensions>h;hpp;hxx;hm;inl;inc;xsd</Extensions>
    </Filter>
    <Filter Include="Resource Files">
      <UniqueIdentifier>{67DA6AB6-F800-4c08-8B7A-83BB121AAD01}</UniqueIdentifier>
      <Extensions>rc;ico;cur;bmp;dlg;rc2;rct;bin;rgs;gif;jpg;jpeg;jpe;resx;tiff;tif;png;wav;mfcribbon-ms</Extensions>
    </Filter>
    <Filter Include="Header Files\Instructions">
      <UniqueIdentifier>{1121111d-1cac-4e4e-ae0e-074b4cbf832b}</UniqueIdentifier>
    </Filter>
    <Filter Include="Header Files\Configuration">
      <UniqueIdentifier>{034616b4-54db-44a8-97be-4beaa4d39c0e}</UniqueIdentifier>
    </Filter>
    <Filter Include="Header Files\Output">
      <UniqueIdentifier>{0db26a6c-4ace-4145-b570-ee2f53a908bc}</UniqueIdentifier>
    </Filter>
    <Filter Include="Source Files\Instructions">
      <UniqueIdentifier>{bc5ae740-a65c-4bbc-bd75-b7632e71175a}</UniqueIdentifier>
    </Filter>
    <Filter Include="Source Files\Configuration">
      <UniqueIdentifier>{23645e49-c0c1-4114-a859-0603a6415c1f}</UniqueIdentifier>
    </Filter>
    <Filter Include="Source Files\Output">
      <UniqueIdentifier>{40be67f4-a81c-406d-b2a4-f4d7e44119fd}</UniqueIdentifier>
    </Filter>
  </ItemGroup>
  <ItemGroup>
    <ClInclude Include="Instructions\Instruction.h">
      <Filter>Header Files\Instructions</Filter>
    </ClInclude>
    <ClInclude Include="Instructions\InstructionFactory.h">
      <Filter>Header Files\Instructions</Filter>
    </ClInclude>
    <ClInclude Include="Instructions\ITypeInstruction.h">
      <Filter>Header Files\Instructions</Filter>
    </ClInclude>
    <ClInclude Include="Instructions\JTypeInstruction.h">
      <Filter>Header Files\Instructions</Filter>
    </ClInclude>
    <ClInclude Include="Instructions\RTypeInstruction.h">
      <Filter>Header Files\Instructions</Filter>
    </ClInclude>
    <ClInclude Include="Instructions\SpecialInstruction.h">
      <Filter>Header Files\Instructions</Filter>
    </ClInclude>
    <ClInclude Include="Configuration\Configuration.h">
      <Filter>Header Files\Configuration</Filter>
    </ClInclude>
    <ClInclude Include="Output\HexDump.h">
      <Filter>Header Files\Output</Filter>
    </ClInclude>
    <ClInclude Include="Output\RegisterDump.h">
      <Filter>Header Files\Output</Filter>
    </ClInclude>
  </ItemGroup>
  <ItemGroup>
    <ClCompile Include="Output\HexDump.cpp">
      <Filter>Source Files\Output</Filter>
    </ClCompile>
    <ClCompile Include="Output\RegisterDump.cpp">
      <Filter>Source Files\Output</Filter>
    </ClCompile>
    <ClCompile Include="Instructions\Instruction.cpp">
      <Filter>Source Files\Instructions</Filter>
    </ClCompile>
    <ClCompile Include="Instructions\InstructionFactory.cpp">
      <Filter>Source Files\Instructions</Filter>
    </ClCompile>
    <ClCompile Include="Instructions\ITypeInstruction.cpp">
      <Filter>Source Files\Instructions</Filter>
    </ClCompile>
    <ClCompile Include="Instructions\JTypeInstruction.cpp">
      <Filter>Source Files\Instructions</Filter>
    </ClCompile>
    <ClCompile Include="Instructions\RTypeInstruction.cpp">
      <Filter>Source Files\Instructions</Filter>
    </ClCompile>
    <ClCompile Include="Configuration\Configuration.cpp">
      <Filter>Source Files\Configuration</Filter>
    </ClCompile>
  </ItemGroup>
</Project>